
Microsoft Visual Studio Solution File, Format Version 12.00
# Visual Studio Version 16
VisualStudioVersion = 16.0.31005.135
MinimumVisualStudioVersion = 10.0.40219.1
Project("{FAE04EC0-301F-11D3-BF4B-00C04F79EFBC}") = "DockerComposeLocalStack", "DockerComposeLocalStack\DockerComposeLocalStack.csproj", "{C75E866A-CA02-476C-85C6-934965B0ED1C}"
EndProject
Project("{E53339B2-1760-4266-BCC7-CA923CBCF16C}") = "docker-compose", "docker-compose.dcproj", "{10481D1D-C828-4D59-9608-BFC36D8E2313}"
EndProject
Global
	GlobalSection(SolutionConfigurationPlatforms) = preSolution
		Debug|Any CPU = Debug|Any CPU
		Release|Any CPU = Release|Any CPU
	EndGlobalSection
	GlobalSection(ProjectConfigurationPlatforms) = postSolution
		{C75E866A-CA02-476C-85C6-934965B0ED1C}.Debug|Any CPU.ActiveCfg = Debug|Any CPU
		{C75E866A-CA02-476C-85C6-934965B0ED1C}.Debug|Any CPU.Build.0 = Debug|Any CPU
		{C75E866A-CA02-476C-85C6-934965B0ED1C}.Release|Any CPU.ActiveCfg = Release|Any CPU
		{C75E866A-CA02-476C-85C6-934965B0ED1C}.Release|Any CPU.Build.0 = Release|Any CPU
		{10481D1D-C828-4D59-9608-BFC36D8E2313}.Debug|Any CPU.ActiveCfg = Debug|Any CPU
		{10481D1D-C828-4D59-9608-BFC36D8E2313}.Debug|Any CPU.Build.0 = Debug|Any CPU
		{10481D1D-C828-4D59-9608-BFC36D8E2313}.Release|Any CPU.ActiveCfg = Release|Any CPU
		{10481D1D-C828-4D59-9608-BFC36D8E2313}.Release|Any CPU.Build.0 = Release|Any CPU
	EndGlobalSection
	GlobalSection(SolutionProperties) = preSolution
		HideSolutionNode = FALSE
	EndGlobalSection
	GlobalSection(ExtensibilityGlobals) = postSolution
		SolutionGuid = {46C826FB-36D3-446A-864C-1AF59C0F9237}
	EndGlobalSection
EndGlobal
